{
  "version": "5",
  "specifiers": {
    "npm:hono@^4.7.10": "4.12.4",
    "npm:mcp-lite@0.10": "0.10.0"
  },
  "npm": {
    "@standard-schema/spec@1.1.0": {
      "integrity": "sha512-l2aFy5jALhniG5HgqrD6jXLi/rUWrKvqN/qJx6yoJsgKhblVd+iqqU4RCXavm/jPityDo5TCvKMnpjKnOriy0w=="
    },
    "hono@4.12.4": {
      "integrity": "sha512-ooiZW1Xy8rQ4oELQ++otI2T9DsKpV0M6c6cO6JGx4RTfav9poFFLlet9UMXHZnoM1yG0HWGlQLswBGX3RZmHtg=="
    },
    "mcp-lite@0.10.0": {
      "integrity": "sha512-ts1PgXO5+MER3W77YjYUMqngF45l6eyh2V4Vc0O4S+oKU55ghvd3Q+/XpA4kqtMISqI9v5s1E8pChDICudxwXQ==",
      "dependencies": [
        "@standard-schema/spec"
      ]
    }
  },
  "remote": {
    "https://esm.sh/@supabase/supabase-js@2.49.1": "947c71e163ca8bb5b538eccb5ee86fbc8da6bcb916a861586db5fad1af4701bb"
  },
  "workspace": {
    "dependencies": [
      "npm:hono@^4.7.10",
      "npm:mcp-lite@0.10",
      "npm:zod@^3.23.8"
    ]
  }
}
